
Microsoft Visual Studio Solution File, Format Version 12.00
# Visual Studio 2013
VisualStudioVersion = 12.0.31101.0
MinimumVisualStudioVersion = 10.0.40219.1
Project("{FAE04EC0-301F-11D3-BF4B-00C04F79EFBC}") = "01.SquareRoot", "01.SquareRoot\01.SquareRoot.csproj", "{654DBABB-0E2A-4830-BB8F-138BF52CC703}"
EndProject
Project("{FAE04EC0-301F-11D3-BF4B-00C04F79EFBC}") = "02.EnterNumbers", "02.EnterNumbers\02.EnterNumbers.csproj", "{A94F0123-5A80-49C9-B57E-B349D87E1A65}"
EndProject
Project("{FAE04EC0-301F-11D3-BF4B-00C04F79EFBC}") = "03.ReadFileContents", "03.ReadFileContents\03.ReadFileContents.csproj", "{2B0C7541-93F0-420B-BAB8-DEE4D2E22907}"
EndProject
Project("{FAE04EC0-301F-11D3-BF4B-00C04F79EFBC}") = "04.DownloadFile", "04.DownloadFile\04.DownloadFile.csproj", "{28FBEEFE-B8A7-4318-9017-5A0FB6542FD2}"
EndProject
Global
	GlobalSection(SolutionConfigurationPlatforms) = preSolution
		Debug|Any CPU = Debug|Any CPU
		Release|Any CPU = Release|Any CPU
	EndGlobalSection
	GlobalSection(ProjectConfigurationPlatforms) = postSolution
		{654DBABB-0E2A-4830-BB8F-138BF52CC703}.Debug|Any CPU.ActiveCfg = Debug|Any CPU
		{654DBABB-0E2A-4830-BB8F-138BF52CC703}.Debug|Any CPU.Build.0 = Debug|Any CPU
		{654DBABB-0E2A-4830-BB8F-138BF52CC703}.Release|Any CPU.ActiveCfg = Release|Any CPU
		{654DBABB-0E2A-4830-BB8F-138BF52CC703}.Release|Any CPU.Build.0 = Release|Any CPU
		{A94F0123-5A80-49C9-B57E-B349D87E1A65}.Debug|Any CPU.ActiveCfg = Debug|Any CPU
		{A94F0123-5A80-49C9-B57E-B349D87E1A65}.Debug|Any CPU.Build.0 = Debug|Any CPU
		{A94F0123-5A80-49C9-B57E-B349D87E1A65}.Release|Any CPU.ActiveCfg = Release|Any CPU
		{A94F0123-5A80-49C9-B57E-B349D87E1A65}.Release|Any CPU.Build.0 = Release|Any CPU
		{2B0C7541-93F0-420B-BAB8-DEE4D2E22907}.Debug|Any CPU.ActiveCfg = Debug|Any CPU
		{2B0C7541-93F0-420B-BAB8-DEE4D2E22907}.Debug|Any CPU.Build.0 = Debug|Any CPU
		{2B0C7541-93F0-420B-BAB8-DEE4D2E22907}.Release|Any CPU.ActiveCfg = Release|Any CPU
		{2B0C7541-93F0-420B-BAB8-DEE4D2E22907}.Release|Any CPU.Build.0 = Release|Any CPU
		{28FBEEFE-B8A7-4318-9017-5A0FB6542FD2}.Debug|Any CPU.ActiveCfg = Debug|Any CPU
		{28FBEEFE-B8A7-4318-9017-5A0FB6542FD2}.Debug|Any CPU.Build.0 = Debug|Any CPU
		{28FBEEFE-B8A7-4318-9017-5A0FB6542FD2}.Release|Any CPU.ActiveCfg = Release|Any CPU
		{28FBEEFE-B8A7-4318-9017-5A0FB6542FD2}.Release|Any CPU.Build.0 = Release|Any CPU
	EndGlobalSection
	GlobalSection(SolutionProperties) = preSolution
		HideSolutionNode = FALSE
	EndGlobalSection
EndGlobal
