
Microsoft Visual Studio Solution File, Format Version 12.00
# Visual Studio 14
VisualStudioVersion = 14.0.23107.0
MinimumVisualStudioVersion = 10.0.40219.1
Project("{FAE04EC0-301F-11D3-BF4B-00C04F79EFBC}") = "NorthwindDb", "NorthwindDb\NorthwindDb.csproj", "{860A3CC2-4DD5-49CF-9A50-7E45663438F8}"
EndProject
Project("{FAE04EC0-301F-11D3-BF4B-00C04F79EFBC}") = "NorthwindTwinDb", "NorthwindTwinDb\NorthwindTwinDb.csproj", "{50DBDA4E-515D-440F-955C-404A2FB88B49}"
EndProject
Global
	GlobalSection(SolutionConfigurationPlatforms) = preSolution
		Debug|Any CPU = Debug|Any CPU
		Release|Any CPU = Release|Any CPU
	EndGlobalSection
	GlobalSection(ProjectConfigurationPlatforms) = postSolution
		{860A3CC2-4DD5-49CF-9A50-7E45663438F8}.Debug|Any CPU.ActiveCfg = Debug|Any CPU
		{860A3CC2-4DD5-49CF-9A50-7E45663438F8}.Debug|Any CPU.Build.0 = Debug|Any CPU
		{860A3CC2-4DD5-49CF-9A50-7E45663438F8}.Release|Any CPU.ActiveCfg = Release|Any CPU
		{860A3CC2-4DD5-49CF-9A50-7E45663438F8}.Release|Any CPU.Build.0 = Release|Any CPU
		{50DBDA4E-515D-440F-955C-404A2FB88B49}.Debug|Any CPU.ActiveCfg = Debug|Any CPU
		{50DBDA4E-515D-440F-955C-404A2FB88B49}.Debug|Any CPU.Build.0 = Debug|Any CPU
		{50DBDA4E-515D-440F-955C-404A2FB88B49}.Release|Any CPU.ActiveCfg = Release|Any CPU
		{50DBDA4E-515D-440F-955C-404A2FB88B49}.Release|Any CPU.Build.0 = Release|Any CPU
	EndGlobalSection
	GlobalSection(SolutionProperties) = preSolution
		HideSolutionNode = FALSE
	EndGlobalSection
EndGlobal
