
Microsoft Visual Studio Solution File, Format Version 12.00
# Visual Studio 2013
VisualStudioVersion = 12.0.31101.0
MinimumVisualStudioVersion = 10.0.40219.1
Project("{FAE04EC0-301F-11D3-BF4B-00C04F79EFBC}") = "Problem 1 Numbers", "Problem 1 Numbers\Problem 1 Numbers.csproj", "{489F44F9-63B2-4B15-81C6-A098E0FEF002}"
EndProject
Project("{FAE04EC0-301F-11D3-BF4B-00C04F79EFBC}") = "Problem 2 Numbers not divisible", "Problem 2 Numbers not divisible\Problem 2 Numbers not divisible.csproj", "{F2E2743D-E47D-4CB3-9AF9-8FDABFEEA52F}"
EndProject
Project("{FAE04EC0-301F-11D3-BF4B-00C04F79EFBC}") = "Problem 3 Min and Max of sequence", "Problem 3 Min and Max of sequence\Problem 3 Min and Max of sequence.csproj", "{AF325FD4-F0AE-469D-A429-667B8E8268FE}"
EndProject
Project("{FAE04EC0-301F-11D3-BF4B-00C04F79EFBC}") = "Problem 4 Lexicographically smallest", "Problem 4 Lexicographically smallest\Problem 4 Lexicographically smallest.csproj", "{98DD85A7-075F-41E5-BB6C-AC40B5CA7194}"
EndProject
Global
	GlobalSection(SolutionConfigurationPlatforms) = preSolution
		Debug|Any CPU = Debug|Any CPU
		Release|Any CPU = Release|Any CPU
	EndGlobalSection
	GlobalSection(ProjectConfigurationPlatforms) = postSolution
		{489F44F9-63B2-4B15-81C6-A098E0FEF002}.Debug|Any CPU.ActiveCfg = Debug|Any CPU
		{489F44F9-63B2-4B15-81C6-A098E0FEF002}.Debug|Any CPU.Build.0 = Debug|Any CPU
		{489F44F9-63B2-4B15-81C6-A098E0FEF002}.Release|Any CPU.ActiveCfg = Release|Any CPU
		{489F44F9-63B2-4B15-81C6-A098E0FEF002}.Release|Any CPU.Build.0 = Release|Any CPU
		{F2E2743D-E47D-4CB3-9AF9-8FDABFEEA52F}.Debug|Any CPU.ActiveCfg = Debug|Any CPU
		{F2E2743D-E47D-4CB3-9AF9-8FDABFEEA52F}.Debug|Any CPU.Build.0 = Debug|Any CPU
		{F2E2743D-E47D-4CB3-9AF9-8FDABFEEA52F}.Release|Any CPU.ActiveCfg = Release|Any CPU
		{F2E2743D-E47D-4CB3-9AF9-8FDABFEEA52F}.Release|Any CPU.Build.0 = Release|Any CPU
		{AF325FD4-F0AE-469D-A429-667B8E8268FE}.Debug|Any CPU.ActiveCfg = Debug|Any CPU
		{AF325FD4-F0AE-469D-A429-667B8E8268FE}.Debug|Any CPU.Build.0 = Debug|Any CPU
		{AF325FD4-F0AE-469D-A429-667B8E8268FE}.Release|Any CPU.ActiveCfg = Release|Any CPU
		{AF325FD4-F0AE-469D-A429-667B8E8268FE}.Release|Any CPU.Build.0 = Release|Any CPU
		{98DD85A7-075F-41E5-BB6C-AC40B5CA7194}.Debug|Any CPU.ActiveCfg = Debug|Any CPU
		{98DD85A7-075F-41E5-BB6C-AC40B5CA7194}.Debug|Any CPU.Build.0 = Debug|Any CPU
		{98DD85A7-075F-41E5-BB6C-AC40B5CA7194}.Release|Any CPU.ActiveCfg = Release|Any CPU
		{98DD85A7-075F-41E5-BB6C-AC40B5CA7194}.Release|Any CPU.Build.0 = Release|Any CPU
	EndGlobalSection
	GlobalSection(SolutionProperties) = preSolution
		HideSolutionNode = FALSE
	EndGlobalSection
EndGlobal
