
Microsoft Visual Studio Solution File, Format Version 12.00
# Visual Studio 2013
VisualStudioVersion = 12.0.31101.0
MinimumVisualStudioVersion = 10.0.40219.1
Project("{FAE04EC0-301F-11D3-BF4B-00C04F79EFBC}") = "Problem 1 Refactoring", "Problem 1 Refactoring\Problem 1 Refactoring.csproj", "{E6CE9E31-181E-4A0E-9835-ED4FEAC7EA33}"
EndProject
Project("{FAE04EC0-301F-11D3-BF4B-00C04F79EFBC}") = "Problem 2 Student System", "Problem 2 Student System\Problem 2 Student System.csproj", "{BEBFF390-CC6A-4E56-8790-97C3BD751B7E}"
EndProject
Project("{FAE04EC0-301F-11D3-BF4B-00C04F79EFBC}") = "Problem 3 LinkedIn", "Problem 3 LinkedIn\Problem 3 LinkedIn.csproj", "{7B10D281-048F-453C-ABA8-B631BEB2DFFC}"
EndProject
Global
	GlobalSection(SolutionConfigurationPlatforms) = preSolution
		Debug|Any CPU = Debug|Any CPU
		Release|Any CPU = Release|Any CPU
	EndGlobalSection
	GlobalSection(ProjectConfigurationPlatforms) = postSolution
		{E6CE9E31-181E-4A0E-9835-ED4FEAC7EA33}.Debug|Any CPU.ActiveCfg = Debug|Any CPU
		{E6CE9E31-181E-4A0E-9835-ED4FEAC7EA33}.Debug|Any CPU.Build.0 = Debug|Any CPU
		{E6CE9E31-181E-4A0E-9835-ED4FEAC7EA33}.Release|Any CPU.ActiveCfg = Release|Any CPU
		{E6CE9E31-181E-4A0E-9835-ED4FEAC7EA33}.Release|Any CPU.Build.0 = Release|Any CPU
		{BEBFF390-CC6A-4E56-8790-97C3BD751B7E}.Debug|Any CPU.ActiveCfg = Debug|Any CPU
		{BEBFF390-CC6A-4E56-8790-97C3BD751B7E}.Debug|Any CPU.Build.0 = Debug|Any CPU
		{BEBFF390-CC6A-4E56-8790-97C3BD751B7E}.Release|Any CPU.ActiveCfg = Release|Any CPU
		{BEBFF390-CC6A-4E56-8790-97C3BD751B7E}.Release|Any CPU.Build.0 = Release|Any CPU
		{7B10D281-048F-453C-ABA8-B631BEB2DFFC}.Debug|Any CPU.ActiveCfg = Debug|Any CPU
		{7B10D281-048F-453C-ABA8-B631BEB2DFFC}.Debug|Any CPU.Build.0 = Debug|Any CPU
		{7B10D281-048F-453C-ABA8-B631BEB2DFFC}.Release|Any CPU.ActiveCfg = Release|Any CPU
		{7B10D281-048F-453C-ABA8-B631BEB2DFFC}.Release|Any CPU.Build.0 = Release|Any CPU
	EndGlobalSection
	GlobalSection(SolutionProperties) = preSolution
		HideSolutionNode = FALSE
	EndGlobalSection
EndGlobal
