
Microsoft Visual Studio Solution File, Format Version 12.00
# Visual Studio 14
VisualStudioVersion = 14.0.23107.0
MinimumVisualStudioVersion = 10.0.40219.1
Project("{FAE04EC0-301F-11D3-BF4B-00C04F79EFBC}") = "StudentsSystem.Models", "StudentsSystem.Models\StudentsSystem.Models.csproj", "{F35F14CE-9C08-4F8E-A7BD-4C3643E990A6}"
EndProject
Project("{FAE04EC0-301F-11D3-BF4B-00C04F79EFBC}") = "StudentsSystem.Data", "StudentsSystem.Data\StudentsSystem.Data.csproj", "{0EFF96CF-7C2B-43AE-9F26-DB6680807D27}"
EndProject
Project("{FAE04EC0-301F-11D3-BF4B-00C04F79EFBC}") = "StudentsSystem.ConsoleClient", "StudentsSystem.ConsoleClient\StudentsSystem.ConsoleClient.csproj", "{1DFBE7D9-17FE-4B61-93D2-FF7BCFA33668}"
EndProject
Global
	GlobalSection(SolutionConfigurationPlatforms) = preSolution
		Debug|Any CPU = Debug|Any CPU
		Release|Any CPU = Release|Any CPU
	EndGlobalSection
	GlobalSection(ProjectConfigurationPlatforms) = postSolution
		{F35F14CE-9C08-4F8E-A7BD-4C3643E990A6}.Debug|Any CPU.ActiveCfg = Debug|Any CPU
		{F35F14CE-9C08-4F8E-A7BD-4C3643E990A6}.Debug|Any CPU.Build.0 = Debug|Any CPU
		{F35F14CE-9C08-4F8E-A7BD-4C3643E990A6}.Release|Any CPU.ActiveCfg = Release|Any CPU
		{F35F14CE-9C08-4F8E-A7BD-4C3643E990A6}.Release|Any CPU.Build.0 = Release|Any CPU
		{0EFF96CF-7C2B-43AE-9F26-DB6680807D27}.Debug|Any CPU.ActiveCfg = Debug|Any CPU
		{0EFF96CF-7C2B-43AE-9F26-DB6680807D27}.Debug|Any CPU.Build.0 = Debug|Any CPU
		{0EFF96CF-7C2B-43AE-9F26-DB6680807D27}.Release|Any CPU.ActiveCfg = Release|Any CPU
		{0EFF96CF-7C2B-43AE-9F26-DB6680807D27}.Release|Any CPU.Build.0 = Release|Any CPU
		{1DFBE7D9-17FE-4B61-93D2-FF7BCFA33668}.Debug|Any CPU.ActiveCfg = Debug|Any CPU
		{1DFBE7D9-17FE-4B61-93D2-FF7BCFA33668}.Debug|Any CPU.Build.0 = Debug|Any CPU
		{1DFBE7D9-17FE-4B61-93D2-FF7BCFA33668}.Release|Any CPU.ActiveCfg = Release|Any CPU
		{1DFBE7D9-17FE-4B61-93D2-FF7BCFA33668}.Release|Any CPU.Build.0 = Release|Any CPU
	EndGlobalSection
	GlobalSection(SolutionProperties) = preSolution
		HideSolutionNode = FALSE
	EndGlobalSection
EndGlobal
