
Microsoft Visual Studio Solution File, Format Version 12.00
# Visual Studio 2013
VisualStudioVersion = 12.0.31101.0
MinimumVisualStudioVersion = 10.0.40219.1
Project("{FAE04EC0-301F-11D3-BF4B-00C04F79EFBC}") = "01.StringsInCSharp", "01.StringsInCSharp\01.StringsInCSharp.csproj", "{2F71F546-037F-4BAE-9991-114777D7BDC9}"
EndProject
Project("{FAE04EC0-301F-11D3-BF4B-00C04F79EFBC}") = "02.ReverseString", "02.ReverseString\02.ReverseString.csproj", "{1DB1DF72-FE12-410F-8E6B-740FF06DC0D7}"
EndProject
Project("{FAE04EC0-301F-11D3-BF4B-00C04F79EFBC}") = "03.CorrectBrackets", "03.CorrectBrackets\03.CorrectBrackets.csproj", "{48F848F2-292E-409B-87F6-06FA9BA679A0}"
EndProject
Project("{FAE04EC0-301F-11D3-BF4B-00C04F79EFBC}") = "04.SubStringInText", "04.SubStringInText\04.SubStringInText.csproj", "{A7B4DD69-CCA8-4DC3-9149-A64F5BD07100}"
EndProject
Project("{FAE04EC0-301F-11D3-BF4B-00C04F79EFBC}") = "05.ParseTags", "05.ParseTags\05.ParseTags.csproj", "{5F48C60F-D727-4251-B840-2298ADAFB7C0}"
EndProject
Project("{FAE04EC0-301F-11D3-BF4B-00C04F79EFBC}") = "06.StringLength", "06.StringLength\06.StringLength.csproj", "{3E474884-846A-4DC7-97C7-69DD73483BF9}"
EndProject
Project("{FAE04EC0-301F-11D3-BF4B-00C04F79EFBC}") = "07.EncodeDecode", "07.EncodeDecode\07.EncodeDecode.csproj", "{87349798-F5C8-4C88-B0EA-3F0EEAD866BC}"
EndProject
Project("{FAE04EC0-301F-11D3-BF4B-00C04F79EFBC}") = "08.ExtractSentences", "08.ExtractSentences\08.ExtractSentences.csproj", "{E5542EE2-C9E4-4407-83AB-BBBC067D4996}"
EndProject
Project("{FAE04EC0-301F-11D3-BF4B-00C04F79EFBC}") = "09.ForbiddenWords", "09.ForbiddenWords\09.ForbiddenWords.csproj", "{316ED2C3-A749-4653-9242-C055364BEA98}"
EndProject
Project("{FAE04EC0-301F-11D3-BF4B-00C04F79EFBC}") = "10.UnicodeCharacters", "10.UnicodeCharacters\10.UnicodeCharacters.csproj", "{F82405E7-28F4-408D-94E9-52D7AD652EFB}"
EndProject
Project("{FAE04EC0-301F-11D3-BF4B-00C04F79EFBC}") = "11.FormatNumber", "11.FormatNumber\11.FormatNumber.csproj", "{64FC578F-6C21-4F87-A615-4A0A610E10EC}"
EndProject
Project("{FAE04EC0-301F-11D3-BF4B-00C04F79EFBC}") = "12.ParseURL", "12.ParseURL\12.ParseURL.csproj", "{662D81C6-8D27-4FFB-A3E4-934CFA1CB24D}"
EndProject
Project("{FAE04EC0-301F-11D3-BF4B-00C04F79EFBC}") = "13.ReverseSentence", "13.ReverseSentence\13.ReverseSentence.csproj", "{6707BDCC-A0ED-4196-AB7C-1034E271F533}"
EndProject
Project("{FAE04EC0-301F-11D3-BF4B-00C04F79EFBC}") = "14.WordDictionary", "14.WordDictionary\14.WordDictionary.csproj", "{108844B7-C836-4303-B75D-D179405BFD94}"
EndProject
Project("{FAE04EC0-301F-11D3-BF4B-00C04F79EFBC}") = "15.ReplaceTags", "15.ReplaceTags\15.ReplaceTags.csproj", "{61C2D899-6B73-41F4-B728-476FA6505E3C}"
EndProject
Project("{FAE04EC0-301F-11D3-BF4B-00C04F79EFBC}") = "16.DateDifference", "16.DateDifference\16.DateDifference.csproj", "{EF5ACD09-7028-49F2-8580-D9B5792B3017}"
EndProject
Project("{FAE04EC0-301F-11D3-BF4B-00C04F79EFBC}") = "17.DateInBulgarian", "17.DateInBulgarian\17.DateInBulgarian.csproj", "{3293E27A-5688-45BF-A3A5-1F9A9D0F3126}"
EndProject
Project("{FAE04EC0-301F-11D3-BF4B-00C04F79EFBC}") = "18.ExtractEmails", "18.ExtractEmails\18.ExtractEmails.csproj", "{A76F7E8F-E439-4432-987C-3A53B0C5FD02}"
EndProject
Project("{FAE04EC0-301F-11D3-BF4B-00C04F79EFBC}") = "19.DatesFromTextInCanada", "19.DatesFromTextInCanada\19.DatesFromTextInCanada.csproj", "{B1BDB553-36E2-41AA-9086-672C1C03EECD}"
EndProject
Project("{FAE04EC0-301F-11D3-BF4B-00C04F79EFBC}") = "20.Palindromes", "20.Palindromes\20.Palindromes.csproj", "{38CB0519-BC19-47EB-9AF2-FC78CEF7F4D5}"
EndProject
Project("{FAE04EC0-301F-11D3-BF4B-00C04F79EFBC}") = "21.LettersCount", "21.LettersCount\21.LettersCount.csproj", "{531C871A-5FE0-4EE6-8CF6-B67FD10EA70C}"
EndProject
Project("{FAE04EC0-301F-11D3-BF4B-00C04F79EFBC}") = "22.WordsCount", "22.WordsCount\22.WordsCount.csproj", "{DDC2E55C-6CCB-4087-8E23-BDD17949AA79}"
EndProject
Project("{FAE04EC0-301F-11D3-BF4B-00C04F79EFBC}") = "23.SeriesOfLetters", "23.SeriesOfLetters\23.SeriesOfLetters.csproj", "{F29E5B3B-2816-4841-92B6-A8DA1DE57F2E}"
EndProject
Project("{FAE04EC0-301F-11D3-BF4B-00C04F79EFBC}") = "24.OrderWords", "24.OrderWords\24.OrderWords.csproj", "{427F7BB6-1FD2-404B-9725-3D73378B15D6}"
EndProject
Project("{FAE04EC0-301F-11D3-BF4B-00C04F79EFBC}") = "25.ExtractTextFromHTML", "25.ExtractTextFromHTML\25.ExtractTextFromHTML.csproj", "{BDC7499E-4287-438E-994E-F08C7E6E6EE4}"
EndProject
Global
	GlobalSection(SolutionConfigurationPlatforms) = preSolution
		Debug|Any CPU = Debug|Any CPU
		Release|Any CPU = Release|Any CPU
	EndGlobalSection
	GlobalSection(ProjectConfigurationPlatforms) = postSolution
		{2F71F546-037F-4BAE-9991-114777D7BDC9}.Debug|Any CPU.ActiveCfg = Debug|Any CPU
		{2F71F546-037F-4BAE-9991-114777D7BDC9}.Debug|Any CPU.Build.0 = Debug|Any CPU
		{2F71F546-037F-4BAE-9991-114777D7BDC9}.Release|Any CPU.ActiveCfg = Release|Any CPU
		{2F71F546-037F-4BAE-9991-114777D7BDC9}.Release|Any CPU.Build.0 = Release|Any CPU
		{1DB1DF72-FE12-410F-8E6B-740FF06DC0D7}.Debug|Any CPU.ActiveCfg = Debug|Any CPU
		{1DB1DF72-FE12-410F-8E6B-740FF06DC0D7}.Debug|Any CPU.Build.0 = Debug|Any CPU
		{1DB1DF72-FE12-410F-8E6B-740FF06DC0D7}.Release|Any CPU.ActiveCfg = Release|Any CPU
		{1DB1DF72-FE12-410F-8E6B-740FF06DC0D7}.Release|Any CPU.Build.0 = Release|Any CPU
		{48F848F2-292E-409B-87F6-06FA9BA679A0}.Debug|Any CPU.ActiveCfg = Debug|Any CPU
		{48F848F2-292E-409B-87F6-06FA9BA679A0}.Debug|Any CPU.Build.0 = Debug|Any CPU
		{48F848F2-292E-409B-87F6-06FA9BA679A0}.Release|Any CPU.ActiveCfg = Release|Any CPU
		{48F848F2-292E-409B-87F6-06FA9BA679A0}.Release|Any CPU.Build.0 = Release|Any CPU
		{A7B4DD69-CCA8-4DC3-9149-A64F5BD07100}.Debug|Any CPU.ActiveCfg = Debug|Any CPU
		{A7B4DD69-CCA8-4DC3-9149-A64F5BD07100}.Debug|Any CPU.Build.0 = Debug|Any CPU
		{A7B4DD69-CCA8-4DC3-9149-A64F5BD07100}.Release|Any CPU.ActiveCfg = Release|Any CPU
		{A7B4DD69-CCA8-4DC3-9149-A64F5BD07100}.Release|Any CPU.Build.0 = Release|Any CPU
		{5F48C60F-D727-4251-B840-2298ADAFB7C0}.Debug|Any CPU.ActiveCfg = Debug|Any CPU
		{5F48C60F-D727-4251-B840-2298ADAFB7C0}.Debug|Any CPU.Build.0 = Debug|Any CPU
		{5F48C60F-D727-4251-B840-2298ADAFB7C0}.Release|Any CPU.ActiveCfg = Release|Any CPU
		{5F48C60F-D727-4251-B840-2298ADAFB7C0}.Release|Any CPU.Build.0 = Release|Any CPU
		{3E474884-846A-4DC7-97C7-69DD73483BF9}.Debug|Any CPU.ActiveCfg = Debug|Any CPU
		{3E474884-846A-4DC7-97C7-69DD73483BF9}.Debug|Any CPU.Build.0 = Debug|Any CPU
		{3E474884-846A-4DC7-97C7-69DD73483BF9}.Release|Any CPU.ActiveCfg = Release|Any CPU
		{3E474884-846A-4DC7-97C7-69DD73483BF9}.Release|Any CPU.Build.0 = Release|Any CPU
		{87349798-F5C8-4C88-B0EA-3F0EEAD866BC}.Debug|Any CPU.ActiveCfg = Debug|Any CPU
		{87349798-F5C8-4C88-B0EA-3F0EEAD866BC}.Debug|Any CPU.Build.0 = Debug|Any CPU
		{87349798-F5C8-4C88-B0EA-3F0EEAD866BC}.Release|Any CPU.ActiveCfg = Release|Any CPU
		{87349798-F5C8-4C88-B0EA-3F0EEAD866BC}.Release|Any CPU.Build.0 = Release|Any CPU
		{E5542EE2-C9E4-4407-83AB-BBBC067D4996}.Debug|Any CPU.ActiveCfg = Debug|Any CPU
		{E5542EE2-C9E4-4407-83AB-BBBC067D4996}.Debug|Any CPU.Build.0 = Debug|Any CPU
		{E5542EE2-C9E4-4407-83AB-BBBC067D4996}.Release|Any CPU.ActiveCfg = Release|Any CPU
		{E5542EE2-C9E4-4407-83AB-BBBC067D4996}.Release|Any CPU.Build.0 = Release|Any CPU
		{316ED2C3-A749-4653-9242-C055364BEA98}.Debug|Any CPU.ActiveCfg = Debug|Any CPU
		{316ED2C3-A749-4653-9242-C055364BEA98}.Debug|Any CPU.Build.0 = Debug|Any CPU
		{316ED2C3-A749-4653-9242-C055364BEA98}.Release|Any CPU.ActiveCfg = Release|Any CPU
		{316ED2C3-A749-4653-9242-C055364BEA98}.Release|Any CPU.Build.0 = Release|Any CPU
		{F82405E7-28F4-408D-94E9-52D7AD652EFB}.Debug|Any CPU.ActiveCfg = Debug|Any CPU
		{F82405E7-28F4-408D-94E9-52D7AD652EFB}.Debug|Any CPU.Build.0 = Debug|Any CPU
		{F82405E7-28F4-408D-94E9-52D7AD652EFB}.Release|Any CPU.ActiveCfg = Release|Any CPU
		{F82405E7-28F4-408D-94E9-52D7AD652EFB}.Release|Any CPU.Build.0 = Release|Any CPU
		{64FC578F-6C21-4F87-A615-4A0A610E10EC}.Debug|Any CPU.ActiveCfg = Debug|Any CPU
		{64FC578F-6C21-4F87-A615-4A0A610E10EC}.Debug|Any CPU.Build.0 = Debug|Any CPU
		{64FC578F-6C21-4F87-A615-4A0A610E10EC}.Release|Any CPU.ActiveCfg = Release|Any CPU
		{64FC578F-6C21-4F87-A615-4A0A610E10EC}.Release|Any CPU.Build.0 = Release|Any CPU
		{662D81C6-8D27-4FFB-A3E4-934CFA1CB24D}.Debug|Any CPU.ActiveCfg = Debug|Any CPU
		{662D81C6-8D27-4FFB-A3E4-934CFA1CB24D}.Debug|Any CPU.Build.0 = Debug|Any CPU
		{662D81C6-8D27-4FFB-A3E4-934CFA1CB24D}.Release|Any CPU.ActiveCfg = Release|Any CPU
		{662D81C6-8D27-4FFB-A3E4-934CFA1CB24D}.Release|Any CPU.Build.0 = Release|Any CPU
		{6707BDCC-A0ED-4196-AB7C-1034E271F533}.Debug|Any CPU.ActiveCfg = Debug|Any CPU
		{6707BDCC-A0ED-4196-AB7C-1034E271F533}.Debug|Any CPU.Build.0 = Debug|Any CPU
		{6707BDCC-A0ED-4196-AB7C-1034E271F533}.Release|Any CPU.ActiveCfg = Release|Any CPU
		{6707BDCC-A0ED-4196-AB7C-1034E271F533}.Release|Any CPU.Build.0 = Release|Any CPU
		{108844B7-C836-4303-B75D-D179405BFD94}.Debug|Any CPU.ActiveCfg = Debug|Any CPU
		{108844B7-C836-4303-B75D-D179405BFD94}.Debug|Any CPU.Build.0 = Debug|Any CPU
		{108844B7-C836-4303-B75D-D179405BFD94}.Release|Any CPU.ActiveCfg = Release|Any CPU
		{108844B7-C836-4303-B75D-D179405BFD94}.Release|Any CPU.Build.0 = Release|Any CPU
		{61C2D899-6B73-41F4-B728-476FA6505E3C}.Debug|Any CPU.ActiveCfg = Debug|Any CPU
		{61C2D899-6B73-41F4-B728-476FA6505E3C}.Debug|Any CPU.Build.0 = Debug|Any CPU
		{61C2D899-6B73-41F4-B728-476FA6505E3C}.Release|Any CPU.ActiveCfg = Release|Any CPU
		{61C2D899-6B73-41F4-B728-476FA6505E3C}.Release|Any CPU.Build.0 = Release|Any CPU
		{EF5ACD09-7028-49F2-8580-D9B5792B3017}.Debug|Any CPU.ActiveCfg = Debug|Any CPU
		{EF5ACD09-7028-49F2-8580-D9B5792B3017}.Debug|Any CPU.Build.0 = Debug|Any CPU
		{EF5ACD09-7028-49F2-8580-D9B5792B3017}.Release|Any CPU.ActiveCfg = Release|Any CPU
		{EF5ACD09-7028-49F2-8580-D9B5792B3017}.Release|Any CPU.Build.0 = Release|Any CPU
		{3293E27A-5688-45BF-A3A5-1F9A9D0F3126}.Debug|Any CPU.ActiveCfg = Debug|Any CPU
		{3293E27A-5688-45BF-A3A5-1F9A9D0F3126}.Debug|Any CPU.Build.0 = Debug|Any CPU
		{3293E27A-5688-45BF-A3A5-1F9A9D0F3126}.Release|Any CPU.ActiveCfg = Release|Any CPU
		{3293E27A-5688-45BF-A3A5-1F9A9D0F3126}.Release|Any CPU.Build.0 = Release|Any CPU
		{A76F7E8F-E439-4432-987C-3A53B0C5FD02}.Debug|Any CPU.ActiveCfg = Debug|Any CPU
		{A76F7E8F-E439-4432-987C-3A53B0C5FD02}.Debug|Any CPU.Build.0 = Debug|Any CPU
		{A76F7E8F-E439-4432-987C-3A53B0C5FD02}.Release|Any CPU.ActiveCfg = Release|Any CPU
		{A76F7E8F-E439-4432-987C-3A53B0C5FD02}.Release|Any CPU.Build.0 = Release|Any CPU
		{B1BDB553-36E2-41AA-9086-672C1C03EECD}.Debug|Any CPU.ActiveCfg = Debug|Any CPU
		{B1BDB553-36E2-41AA-9086-672C1C03EECD}.Debug|Any CPU.Build.0 = Debug|Any CPU
		{B1BDB553-36E2-41AA-9086-672C1C03EECD}.Release|Any CPU.ActiveCfg = Release|Any CPU
		{B1BDB553-36E2-41AA-9086-672C1C03EECD}.Release|Any CPU.Build.0 = Release|Any CPU
		{38CB0519-BC19-47EB-9AF2-FC78CEF7F4D5}.Debug|Any CPU.ActiveCfg = Debug|Any CPU
		{38CB0519-BC19-47EB-9AF2-FC78CEF7F4D5}.Debug|Any CPU.Build.0 = Debug|Any CPU
		{38CB0519-BC19-47EB-9AF2-FC78CEF7F4D5}.Release|Any CPU.ActiveCfg = Release|Any CPU
		{38CB0519-BC19-47EB-9AF2-FC78CEF7F4D5}.Release|Any CPU.Build.0 = Release|Any CPU
		{531C871A-5FE0-4EE6-8CF6-B67FD10EA70C}.Debug|Any CPU.ActiveCfg = Debug|Any CPU
		{531C871A-5FE0-4EE6-8CF6-B67FD10EA70C}.Debug|Any CPU.Build.0 = Debug|Any CPU
		{531C871A-5FE0-4EE6-8CF6-B67FD10EA70C}.Release|Any CPU.ActiveCfg = Release|Any CPU
		{531C871A-5FE0-4EE6-8CF6-B67FD10EA70C}.Release|Any CPU.Build.0 = Release|Any CPU
		{DDC2E55C-6CCB-4087-8E23-BDD17949AA79}.Debug|Any CPU.ActiveCfg = Debug|Any CPU
		{DDC2E55C-6CCB-4087-8E23-BDD17949AA79}.Debug|Any CPU.Build.0 = Debug|Any CPU
		{DDC2E55C-6CCB-4087-8E23-BDD17949AA79}.Release|Any CPU.ActiveCfg = Release|Any CPU
		{DDC2E55C-6CCB-4087-8E23-BDD17949AA79}.Release|Any CPU.Build.0 = Release|Any CPU
		{F29E5B3B-2816-4841-92B6-A8DA1DE57F2E}.Debug|Any CPU.ActiveCfg = Debug|Any CPU
		{F29E5B3B-2816-4841-92B6-A8DA1DE57F2E}.Debug|Any CPU.Build.0 = Debug|Any CPU
		{F29E5B3B-2816-4841-92B6-A8DA1DE57F2E}.Release|Any CPU.ActiveCfg = Release|Any CPU
		{F29E5B3B-2816-4841-92B6-A8DA1DE57F2E}.Release|Any CPU.Build.0 = Release|Any CPU
		{427F7BB6-1FD2-404B-9725-3D73378B15D6}.Debug|Any CPU.ActiveCfg = Debug|Any CPU
		{427F7BB6-1FD2-404B-9725-3D73378B15D6}.Debug|Any CPU.Build.0 = Debug|Any CPU
		{427F7BB6-1FD2-404B-9725-3D73378B15D6}.Release|Any CPU.ActiveCfg = Release|Any CPU
		{427F7BB6-1FD2-404B-9725-3D73378B15D6}.Release|Any CPU.Build.0 = Release|Any CPU
		{BDC7499E-4287-438E-994E-F08C7E6E6EE4}.Debug|Any CPU.ActiveCfg = Debug|Any CPU
		{BDC7499E-4287-438E-994E-F08C7E6E6EE4}.Debug|Any CPU.Build.0 = Debug|Any CPU
		{BDC7499E-4287-438E-994E-F08C7E6E6EE4}.Release|Any CPU.ActiveCfg = Release|Any CPU
		{BDC7499E-4287-438E-994E-F08C7E6E6EE4}.Release|Any CPU.Build.0 = Release|Any CPU
	EndGlobalSection
	GlobalSection(SolutionProperties) = preSolution
		HideSolutionNode = FALSE
	EndGlobalSection
EndGlobal
