
Microsoft Visual Studio Solution File, Format Version 12.00
# Visual Studio 2013
VisualStudioVersion = 12.0.31101.0
MinimumVisualStudioVersion = 10.0.40219.1
Project("{FAE04EC0-301F-11D3-BF4B-00C04F79EFBC}") = "01.FillTheMatrix", "01.FillTheMatrix\01.FillTheMatrix.csproj", "{6E1880EE-1400-4939-9BD4-132417225FE9}"
EndProject
Project("{FAE04EC0-301F-11D3-BF4B-00C04F79EFBC}") = "02.MaximalSum", "02.MaximalSum\02.MaximalSum.csproj", "{F955C224-96C8-4B42-AB35-76F0F8FF20EE}"
EndProject
Project("{FAE04EC0-301F-11D3-BF4B-00C04F79EFBC}") = "03.SequenceNMatrix", "03.SequenceNMatrix\03.SequenceNMatrix.csproj", "{EF6D5A0C-DBB0-4801-862C-C86D456D607C}"
EndProject
Project("{FAE04EC0-301F-11D3-BF4B-00C04F79EFBC}") = "04.BinarySearch", "04.BinarySearch\04.BinarySearch.csproj", "{B39209F0-4B87-4051-9A38-AA277A355716}"
EndProject
Project("{FAE04EC0-301F-11D3-BF4B-00C04F79EFBC}") = "05.SortByStringLength", "05.SortByStringLength\05.SortByStringLength.csproj", "{F4C21C91-B4CE-4458-BCEE-8B5C1B700A89}"
EndProject
Project("{FAE04EC0-301F-11D3-BF4B-00C04F79EFBC}") = "06.MatrixClass", "06.MatrixClass\06.MatrixClass.csproj", "{12579F6A-E8FD-41B2-A32E-A81C9BE6AF6A}"
EndProject
Project("{FAE04EC0-301F-11D3-BF4B-00C04F79EFBC}") = "07.LargestAreaInMatrix", "07.LargestAreaInMatrix\07.LargestAreaInMatrix.csproj", "{C86DE65F-70FD-42D0-847E-127A6EB72077}"
EndProject
Global
	GlobalSection(SolutionConfigurationPlatforms) = preSolution
		Debug|Any CPU = Debug|Any CPU
		Release|Any CPU = Release|Any CPU
	EndGlobalSection
	GlobalSection(ProjectConfigurationPlatforms) = postSolution
		{6E1880EE-1400-4939-9BD4-132417225FE9}.Debug|Any CPU.ActiveCfg = Debug|Any CPU
		{6E1880EE-1400-4939-9BD4-132417225FE9}.Debug|Any CPU.Build.0 = Debug|Any CPU
		{6E1880EE-1400-4939-9BD4-132417225FE9}.Release|Any CPU.ActiveCfg = Release|Any CPU
		{6E1880EE-1400-4939-9BD4-132417225FE9}.Release|Any CPU.Build.0 = Release|Any CPU
		{F955C224-96C8-4B42-AB35-76F0F8FF20EE}.Debug|Any CPU.ActiveCfg = Debug|Any CPU
		{F955C224-96C8-4B42-AB35-76F0F8FF20EE}.Debug|Any CPU.Build.0 = Debug|Any CPU
		{F955C224-96C8-4B42-AB35-76F0F8FF20EE}.Release|Any CPU.ActiveCfg = Release|Any CPU
		{F955C224-96C8-4B42-AB35-76F0F8FF20EE}.Release|Any CPU.Build.0 = Release|Any CPU
		{EF6D5A0C-DBB0-4801-862C-C86D456D607C}.Debug|Any CPU.ActiveCfg = Debug|Any CPU
		{EF6D5A0C-DBB0-4801-862C-C86D456D607C}.Debug|Any CPU.Build.0 = Debug|Any CPU
		{EF6D5A0C-DBB0-4801-862C-C86D456D607C}.Release|Any CPU.ActiveCfg = Release|Any CPU
		{EF6D5A0C-DBB0-4801-862C-C86D456D607C}.Release|Any CPU.Build.0 = Release|Any CPU
		{B39209F0-4B87-4051-9A38-AA277A355716}.Debug|Any CPU.ActiveCfg = Debug|Any CPU
		{B39209F0-4B87-4051-9A38-AA277A355716}.Debug|Any CPU.Build.0 = Debug|Any CPU
		{B39209F0-4B87-4051-9A38-AA277A355716}.Release|Any CPU.ActiveCfg = Release|Any CPU
		{B39209F0-4B87-4051-9A38-AA277A355716}.Release|Any CPU.Build.0 = Release|Any CPU
		{F4C21C91-B4CE-4458-BCEE-8B5C1B700A89}.Debug|Any CPU.ActiveCfg = Debug|Any CPU
		{F4C21C91-B4CE-4458-BCEE-8B5C1B700A89}.Debug|Any CPU.Build.0 = Debug|Any CPU
		{F4C21C91-B4CE-4458-BCEE-8B5C1B700A89}.Release|Any CPU.ActiveCfg = Release|Any CPU
		{F4C21C91-B4CE-4458-BCEE-8B5C1B700A89}.Release|Any CPU.Build.0 = Release|Any CPU
		{12579F6A-E8FD-41B2-A32E-A81C9BE6AF6A}.Debug|Any CPU.ActiveCfg = Debug|Any CPU
		{12579F6A-E8FD-41B2-A32E-A81C9BE6AF6A}.Debug|Any CPU.Build.0 = Debug|Any CPU
		{12579F6A-E8FD-41B2-A32E-A81C9BE6AF6A}.Release|Any CPU.ActiveCfg = Release|Any CPU
		{12579F6A-E8FD-41B2-A32E-A81C9BE6AF6A}.Release|Any CPU.Build.0 = Release|Any CPU
		{C86DE65F-70FD-42D0-847E-127A6EB72077}.Debug|Any CPU.ActiveCfg = Debug|Any CPU
		{C86DE65F-70FD-42D0-847E-127A6EB72077}.Debug|Any CPU.Build.0 = Debug|Any CPU
		{C86DE65F-70FD-42D0-847E-127A6EB72077}.Release|Any CPU.ActiveCfg = Release|Any CPU
		{C86DE65F-70FD-42D0-847E-127A6EB72077}.Release|Any CPU.Build.0 = Release|Any CPU
	EndGlobalSection
	GlobalSection(SolutionProperties) = preSolution
		HideSolutionNode = FALSE
	EndGlobalSection
EndGlobal
