
Microsoft Visual Studio Solution File, Format Version 12.00
# Visual Studio 2013
VisualStudioVersion = 12.0.31101.0
MinimumVisualStudioVersion = 10.0.40219.1
Project("{FAE04EC0-301F-11D3-BF4B-00C04F79EFBC}") = "01.FormatingCSharp", "01.FormatingCSharp\01.FormatingCSharp.csproj", "{B10A15BB-77F4-4F84-99F2-4C9D7791D87C}"
EndProject
Project("{FAE04EC0-301F-11D3-BF4B-00C04F79EFBC}") = "02.FormattingJavaScript", "02.FormattingJavaScript\02.FormattingJavaScript.csproj", "{2BD482E7-B65A-477C-92C4-5E6C72BC116E}"
EndProject
Global
	GlobalSection(SolutionConfigurationPlatforms) = preSolution
		Debug|Any CPU = Debug|Any CPU
		Release|Any CPU = Release|Any CPU
	EndGlobalSection
	GlobalSection(ProjectConfigurationPlatforms) = postSolution
		{B10A15BB-77F4-4F84-99F2-4C9D7791D87C}.Debug|Any CPU.ActiveCfg = Debug|Any CPU
		{B10A15BB-77F4-4F84-99F2-4C9D7791D87C}.Debug|Any CPU.Build.0 = Debug|Any CPU
		{B10A15BB-77F4-4F84-99F2-4C9D7791D87C}.Release|Any CPU.ActiveCfg = Release|Any CPU
		{B10A15BB-77F4-4F84-99F2-4C9D7791D87C}.Release|Any CPU.Build.0 = Release|Any CPU
		{2BD482E7-B65A-477C-92C4-5E6C72BC116E}.Debug|Any CPU.ActiveCfg = Debug|Any CPU
		{2BD482E7-B65A-477C-92C4-5E6C72BC116E}.Debug|Any CPU.Build.0 = Debug|Any CPU
		{2BD482E7-B65A-477C-92C4-5E6C72BC116E}.Release|Any CPU.ActiveCfg = Release|Any CPU
		{2BD482E7-B65A-477C-92C4-5E6C72BC116E}.Release|Any CPU.Build.0 = Release|Any CPU
	EndGlobalSection
	GlobalSection(SolutionProperties) = preSolution
		HideSolutionNode = FALSE
	EndGlobalSection
EndGlobal
